<?xml version="1.0"?>
<CONFIG>
  <ProjectOptions>
    <Version Value="9"/>
    <General>
      <Flags>
        <MainUnitHasUsesSectionForAllUnits Value="False"/>
      </Flags>
      <SessionStorage Value="InProjectDir"/>
      <MainUnit Value="0"/>
      <AutoCreateForms Value="False"/>
      <Title Value="Warren"/>
      <ResourceType Value="res"/>
      <UseXPManifest Value="True"/>
      <Icon Value="0"/>
    </General>
    <i18n>
      <EnableI18N LFM="False"/>
    </i18n>
    <VersionInfo>
      <UseVersionInfo Value="True"/>
      <MinorVersionNr Value="1"/>
      <Language Value="0809"/>
      <StringTable Comments="http://github.com/jmsvaz/warren" FileDescription="Personal Finance Software" LegalCopyright="Copyright © 2012 João Marcelo S. Vaz" LegalTrademarks="Free software released under GPLv3" ProductName="Personal Finance Software" ProductVersion=""/>
    </VersionInfo>
    <MacroValues Count="1">
      <Macro1 Name="LCLWidgetType" Value="gtk2"/>
    </MacroValues>
    <BuildModes Count="2">
      <Item1 Name="GTK2" Default="True"/>
      <Item2 Name="Win32">
        <MacroValues Count="1">
          <Macro1 Name="LCLWidgetType" Value="win32"/>
        </MacroValues>
        <CompilerOptions>
          <Version Value="11"/>
          <SearchPaths>
            <IncludeFiles Value="$(ProjOutDir)"/>
            <UnitOutputDirectory Value="lib/$(TargetCPU)/$(TargetOS)/$(LCLWidgetType)"/>
          </SearchPaths>
          <CodeGeneration>
            <TargetOS Value="win32"/>
          </CodeGeneration>
          <Linking>
            <Debugging>
              <UseExternalDbgSyms Value="True"/>
            </Debugging>
            <Options>
              <Win32>
                <GraphicApplication Value="True"/>
              </Win32>
            </Options>
          </Linking>
          <Other>
            <CompilerMessages>
              <UseMsgFile Value="True"/>
            </CompilerMessages>
            <CompilerPath Value="$(CompPath)"/>
          </Other>
          <LCLWidgetType Value="gtk2"/>
        </CompilerOptions>
      </Item2>
    </BuildModes>
    <PublishOptions>
      <Version Value="2"/>
      <IncludeFileFilter Value="*.(pas|pp|inc|lfm|lpr|lrs|lpi|lpk|sh|xml)"/>
      <ExcludeFileFilter Value="*.(bak|ppu|o|so);*~;backup"/>
    </PublishOptions>
    <RunParams>
      <local>
        <FormatVersion Value="1"/>
        <LaunchingApplication PathPlusParams="/usr/bin/xterm -T 'Lazarus Run Output' -e $(LazarusDir)/tools/runwait.sh $(TargetCmdLine)"/>
      </local>
    </RunParams>
    <RequiredPackages Count="2">
      <Item1>
        <PackageName Value="SQLDBLaz"/>
      </Item1>
      <Item2>
        <PackageName Value="LCL"/>
      </Item2>
    </RequiredPackages>
    <Units Count="15">
      <Unit0>
        <Filename Value="warren.lpr"/>
        <IsPartOfProject Value="True"/>
        <UnitName Value="warren"/>
      </Unit0>
      <Unit1>
        <Filename Value="MainFrm.pas"/>
        <IsPartOfProject Value="True"/>
        <ComponentName Value="MainForm"/>
        <HasResources Value="True"/>
        <ResourceBaseClass Value="Form"/>
        <UnitName Value="MainFrm"/>
      </Unit1>
      <Unit2>
        <Filename Value="AccountDlg.pas"/>
        <IsPartOfProject Value="True"/>
        <ComponentName Value="AccountEditorDialog"/>
        <HasResources Value="True"/>
        <ResourceBaseClass Value="Form"/>
        <UnitName Value="AccountDlg"/>
      </Unit2>
      <Unit3>
        <Filename Value="TransactionDlg.pas"/>
        <IsPartOfProject Value="True"/>
        <ComponentName Value="TransactionEditorDialog"/>
        <ResourceBaseClass Value="Form"/>
        <UnitName Value="TransactionDlg"/>
      </Unit3>
      <Unit4>
        <Filename Value="CurrencyDlg.pas"/>
        <IsPartOfProject Value="True"/>
        <ComponentName Value="CurrencyEditorDialog"/>
        <HasResources Value="True"/>
        <ResourceBaseClass Value="Form"/>
        <UnitName Value="CurrencyDlg"/>
      </Unit4>
      <Unit5>
        <Filename Value="SecurityDlg.pas"/>
        <IsPartOfProject Value="True"/>
        <ComponentName Value="SecurityEditorDialog"/>
        <ResourceBaseClass Value="Form"/>
        <UnitName Value="SecurityDlg"/>
      </Unit5>
      <Unit6>
        <Filename Value="PayeeDlg.pas"/>
        <IsPartOfProject Value="True"/>
        <ComponentName Value="PayeeEditorDialog"/>
        <ResourceBaseClass Value="Form"/>
        <UnitName Value="PayeeDlg"/>
      </Unit6>
      <Unit7>
        <Filename Value="CategoryDlg.pas"/>
        <IsPartOfProject Value="True"/>
        <ComponentName Value="CategoryEditorDialog"/>
        <ResourceBaseClass Value="Form"/>
        <UnitName Value="CategoryDlg"/>
      </Unit7>
      <Unit8>
        <Filename Value="WelcomeDlg.pas"/>
        <IsPartOfProject Value="True"/>
        <ComponentName Value="WelcomeDialog"/>
        <HasResources Value="True"/>
        <ResourceBaseClass Value="Form"/>
        <UnitName Value="WelcomeDlg"/>
      </Unit8>
      <Unit9>
        <Filename Value="MainDM.pas"/>
        <IsPartOfProject Value="True"/>
        <ComponentName Value="dm"/>
        <HasResources Value="True"/>
        <ResourceBaseClass Value="DataModule"/>
        <UnitName Value="MainDM"/>
      </Unit9>
      <Unit10>
        <Filename Value="AboutDlg.pas"/>
        <IsPartOfProject Value="True"/>
        <ComponentName Value="AboutDialog"/>
        <HasResources Value="True"/>
        <ResourceBaseClass Value="Form"/>
        <UnitName Value="AboutDlg"/>
      </Unit10>
      <Unit11>
        <Filename Value="ProgramStrings.pas"/>
        <IsPartOfProject Value="True"/>
        <UnitName Value="ProgramStrings"/>
      </Unit11>
      <Unit12>
        <Filename Value="versioninfo.pas"/>
        <IsPartOfProject Value="True"/>
        <UnitName Value="VersionInfo"/>
      </Unit12>
      <Unit13>
        <Filename Value="DatabaseDlg.pas"/>
        <IsPartOfProject Value="True"/>
        <ComponentName Value="DatabaseDialog"/>
        <HasResources Value="True"/>
        <ResourceBaseClass Value="Form"/>
        <UnitName Value="DatabaseDlg"/>
      </Unit13>
      <Unit14>
        <Filename Value="CurrencyMgr.pas"/>
        <IsPartOfProject Value="True"/>
        <UnitName Value="CurrencyMgr"/>
      </Unit14>
    </Units>
  </ProjectOptions>
  <CompilerOptions>
    <Version Value="11"/>
    <SearchPaths>
      <IncludeFiles Value="$(ProjOutDir)"/>
      <UnitOutputDirectory Value="lib/$(TargetCPU)/$(TargetOS)/$(LCLWidgetType)"/>
    </SearchPaths>
    <Linking>
      <Debugging>
        <UseExternalDbgSyms Value="True"/>
      </Debugging>
      <Options>
        <Win32>
          <GraphicApplication Value="True"/>
        </Win32>
      </Options>
    </Linking>
    <Other>
      <CompilerMessages>
        <UseMsgFile Value="True"/>
      </CompilerMessages>
      <CompilerPath Value="$(CompPath)"/>
    </Other>
    <LCLWidgetType Value="gtk2"/>
  </CompilerOptions>
  <Debugging>
    <Exceptions Count="3">
      <Item1>
        <Name Value="EAbort"/>
      </Item1>
      <Item2>
        <Name Value="ECodetoolError"/>
      </Item2>
      <Item3>
        <Name Value="EFOpenError"/>
      </Item3>
    </Exceptions>
  </Debugging>
</CONFIG>
